{
  "version": 4,
  "terraform_version": "1.5.7",
  "serial": 19,
  "lineage": "80fc9087-3ffe-11d1-142a-b79337e06f44",
  "outputs": {
    "availability_domain": {
      "value": "ZVCk:AP-MUMBAI-1-AD-1",
      "type": "string"
    },
    "fault_domain_one": {
      "value": "FAULT-DOMAIN-1",
      "type": "string"
    },
    "fault_domain_two": {
      "value": "FAULT-DOMAIN-2",
      "type": "string"
    }
  },
  "resources": [
    {
      "mode": "data",
      "type": "oci_identity_availability_domains",
      "name": "availability_domains",
      "provider": "provider[\"registry.terraform.io/hashicorp/oci\"]",
      "instances": [
        {
          "schema_version": 0,
          "attributes": {
            "availability_domains": [
              {
                "compartment_id": "ocid1.tenancy.oc1..aaaaaaaa5nras26nkpnlcd4g3ox6gfmzjaahxwb245stlrh7krkfrpu2nu5q",
                "id": "ocid1.availabilitydomain.oc1..aaaaaaaaqnfxrjivkxya4njkefe2dgbfwua6mxpvzhqal6zzekgsvjchoyjq",
                "name": "ZVCk:AP-MUMBAI-1-AD-1"
              }
            ],
            "compartment_id": "ocid1.tenancy.oc1..aaaaaaaa5nras26nkpnlcd4g3ox6gfmzjaahxwb245stlrh7krkfrpu2nu5q",
            "filter": null,
            "id": "IdentityAvailabilityDomainsDataSource-1792818161"
          },
          "sensitive_attributes": []
        }
      ]
    },
    {
      "mode": "data",
      "type": "oci_identity_fault_domains",
      "name": "fault_domains",
      "provider": "provider[\"registry.terraform.io/hashicorp/oci\"]",
      "instances": [
        {
          "schema_version": 0,
          "attributes": {
            "availability_domain": "ZVCk:AP-MUMBAI-1-AD-1",
            "compartment_id": "ocid1.compartment.oc1..aaaaaaaacwcbf7lzruxv23csnyjnnp7wkp5n7mlfadrllnhfnk6rlz6dgsoq",
            "fault_domains": [
              {
                "availability_domain": "ZVCk:AP-MUMBAI-1-AD-1",
                "compartment_id": "ocid1.compartment.oc1..aaaaaaaacwcbf7lzruxv23csnyjnnp7wkp5n7mlfadrllnhfnk6rlz6dgsoq",
                "id": "ocid1.faultdomain.oc1..aaaaaaaat4vh6h7ypqp37x6z22zexc47xvutixczxhtgjpcpr4yudd4cyjjq",
                "name": "FAULT-DOMAIN-1"
              },
              {
                "availability_domain": "ZVCk:AP-MUMBAI-1-AD-1",
                "compartment_id": "ocid1.compartment.oc1..aaaaaaaacwcbf7lzruxv23csnyjnnp7wkp5n7mlfadrllnhfnk6rlz6dgsoq",
                "id": "ocid1.faultdomain.oc1..aaaaaaaaqukdlvcnlnhoo76bwqic6fj7qe4oghxsd37yvdw63b2ixxsnuc7q",
                "name": "FAULT-DOMAIN-2"
              },
              {
                "availability_domain": "ZVCk:AP-MUMBAI-1-AD-1",
                "compartment_id": "ocid1.compartment.oc1..aaaaaaaacwcbf7lzruxv23csnyjnnp7wkp5n7mlfadrllnhfnk6rlz6dgsoq",
                "id": "ocid1.faultdomain.oc1..aaaaaaaazmfiznl63aj6bsgfixvx3bgdmpdcwf3hvxu6mvxuibxmqichgaha",
                "name": "FAULT-DOMAIN-3"
              }
            ],
            "filter": null,
            "id": "IdentityFaultDomainsDataSource-1741830190"
          },
          "sensitive_attributes": []
        }
      ]
    },
    {
      "mode": "managed",
      "type": "oci_core_internet_gateway",
      "name": "igw",
      "provider": "provider[\"registry.terraform.io/hashicorp/oci\"]",
      "instances": [
        {
          "schema_version": 0,
          "attributes": {
            "compartment_id": "ocid1.compartment.oc1..aaaaaaaacwcbf7lzruxv23csnyjnnp7wkp5n7mlfadrllnhfnk6rlz6dgsoq",
            "defined_tags": {
              "Oracle-Tags.CreatedBy": "oracleidentitycloudservice/damith.kothalawala@oracle.com",
              "Oracle-Tags.CreatedOn": "2024-03-18T04:33:56.984Z",
              "Oracle-Tags.CreatorType": "user",
              "Oracle-Tags.TimeToLiveDays": "14"
            },
            "display_name": "igw",
            "enabled": true,
            "freeform_tags": {
              "Name": "igw"
            },
            "id": "ocid1.internetgateway.oc1.ap-mumbai-1.aaaaaaaai24mwnka4bvrxldx3bhnjewbwobyvuzhogmrkeofadlwihq6r24q",
            "route_table_id": null,
            "state": "AVAILABLE",
            "time_created": "2024-03-18 04:33:57.033 +0000 UTC",
            "timeouts": null,
            "vcn_id": "ocid1.vcn.oc1.ap-mumbai-1.amaaaaaap77apcqaxyesvstm2lfzhm2pvaefc5mfi6ydrflv3zfcz5ya6eea"
          },
          "sensitive_attributes": [],
          "private": "eyJlMmJmYjczMC1lY2FhLTExZTYtOGY4OC0zNDM2M2JjN2M0YzAiOnsiY3JlYXRlIjoxMjAwMDAwMDAwMDAwLCJkZWxldGUiOjEyMDAwMDAwMDAwMDAsInVwZGF0ZSI6MTIwMDAwMDAwMDAwMH19",
          "dependencies": [
            "oci_core_virtual_network.main"
          ]
        }
      ]
    },
    {
      "mode": "managed",
      "type": "oci_core_virtual_network",
      "name": "main",
      "provider": "provider[\"registry.terraform.io/hashicorp/oci\"]",
      "instances": [
        {
          "schema_version": 0,
          "attributes": {
            "byoipv6cidr_blocks": [],
            "byoipv6cidr_details": [],
            "cidr_block": "10.0.0.0/16",
            "cidr_blocks": [
              "10.0.0.0/16"
            ],
            "compartment_id": "ocid1.compartment.oc1..aaaaaaaacwcbf7lzruxv23csnyjnnp7wkp5n7mlfadrllnhfnk6rlz6dgsoq",
            "default_dhcp_options_id": "ocid1.dhcpoptions.oc1.ap-mumbai-1.aaaaaaaarxyhwtsq33dpbfjvqke3svm4gv3g4o6ymoquock2ajh2dexzceua",
            "default_route_table_id": "ocid1.routetable.oc1.ap-mumbai-1.aaaaaaaa65tvwvwnvnsrsvr732l3bciitochsvtht4vnd6g6yxtqqc37bjfa",
            "default_security_list_id": "ocid1.securitylist.oc1.ap-mumbai-1.aaaaaaaapkmwb3rirw5jzxzyooay5emfnkvkp5aaxzwb6e7gaodlsrzjl72a",
            "defined_tags": {
              "Oracle-Tags.CreatedBy": "oracleidentitycloudservice/damith.kothalawala@oracle.com",
              "Oracle-Tags.CreatedOn": "2024-03-18T04:32:26.449Z",
              "Oracle-Tags.CreatorType": "user",
              "Oracle-Tags.TimeToLiveDays": "14"
            },
            "display_name": "sbai",
            "dns_label": null,
            "freeform_tags": {
              "Name": "sbai"
            },
            "id": "ocid1.vcn.oc1.ap-mumbai-1.amaaaaaap77apcqaxyesvstm2lfzhm2pvaefc5mfi6ydrflv3zfcz5ya6eea",
            "ipv6cidr_blocks": [],
            "ipv6private_cidr_blocks": [],
            "is_ipv6enabled": false,
            "is_oracle_gua_allocation_enabled": null,
            "state": "AVAILABLE",
            "time_created": "2024-03-18 04:32:26.534 +0000 UTC",
            "timeouts": null,
            "vcn_domain_name": null
          },
          "sensitive_attributes": [],
          "private": "eyJlMmJmYjczMC1lY2FhLTExZTYtOGY4OC0zNDM2M2JjN2M0YzAiOnsiY3JlYXRlIjoxMjAwMDAwMDAwMDAwLCJkZWxldGUiOjEyMDAwMDAwMDAwMDAsInVwZGF0ZSI6MTIwMDAwMDAwMDAwMH19"
        }
      ]
    }
  ],
  "check_results": null
}
